
Microsoft Visual Studio Solution File, Format Version 12.00
# Visual Studio 15
VisualStudioVersion = 15.0.28307.539
MinimumVisualStudioVersion = 10.0.40219.1
Project("{FAE04EC0-301F-11D3-BF4B-00C04F79EFBC}") = "Machine", "Machine.csproj", "{1E005122-28D8-4326-99C9-5B3C781DC6D6}"
EndProject
Global
	GlobalSection(SolutionConfigurationPlatforms) = preSolution
		Debug|Any CPU = Debug|Any CPU
		Release|Any CPU = Release|Any CPU
	EndGlobalSection
	GlobalSection(ProjectConfigurationPlatforms) = postSolution
		{1E005122-28D8-4326-99C9-5B3C781DC6D6}.Debug|Any CPU.ActiveCfg = Debug|Any CPU
		{1E005122-28D8-4326-99C9-5B3C781DC6D6}.Debug|Any CPU.Build.0 = Debug|Any CPU
		{1E005122-28D8-4326-99C9-5B3C781DC6D6}.Release|Any CPU.ActiveCfg = Release|Any CPU
		{1E005122-28D8-4326-99C9-5B3C781DC6D6}.Release|Any CPU.Build.0 = Release|Any CPU
	EndGlobalSection
	GlobalSection(SolutionProperties) = preSolution
		HideSolutionNode = FALSE
	EndGlobalSection
	GlobalSection(ExtensibilityGlobals) = postSolution
		SolutionGuid = {952877DD-729F-475A-8801-68535AF983AF}
	EndGlobalSection
EndGlobal
